PODS:
  - BidMachine (1.1.1)
  - mopub-ios-sdk (5.7.1):
    - mopub-ios-sdk/MoPubSDK (= 5.7.1)
  - mopub-ios-sdk/Avid (5.7.1):
    - mopub-ios-sdk/Core
  - mopub-ios-sdk/Core (5.7.1)
  - mopub-ios-sdk/Moat (5.7.1):
    - mopub-ios-sdk/Core
  - mopub-ios-sdk/MoPubSDK (5.7.1):
    - mopub-ios-sdk/Avid
    - mopub-ios-sdk/Core
    - mopub-ios-sdk/Moat

DEPENDENCIES:
  - BidMachine (~> 1.1)
  - mopub-ios-sdk

SPEC REPOS:
  https://github.com/cocoapods/specs.git:
    - BidMachine
    - mopub-ios-sdk

SPEC CHECKSUMS:
  BidMachine: d4742ae6c049edba0df0397c3f6d36a768c21819
  mopub-ios-sdk: b1167e8c86afaccd37d484828c4ad2c3c1656a32

PODFILE CHECKSUM: 6fccff397baa6b72f2fa111408eb6619b5ecab9e

COCOAPODS: 1.6.1
