// !$*UTF8*$!
{
	archiveVersion = 1;
	classes = {
	};
	objectVersion = 51;
	objects = {

/* Begin PBXBuildFile section */
		37319DB124CF079300765FE5 /* BMMFactory+BMRequest.m in Sources */ = {isa = PBXBuildFile; fileRef = 37319DB024CF079300765FE5 /* BMMFactory+BMRequest.m */; };
		37319DB424CF084300765FE5 /* BMMFactory+BMTargeting.m in Sources */ = {isa = PBXBuildFile; fileRef = 37319DB324CF084300765FE5 /* BMMFactory+BMTargeting.m */; };
		37319DB724CF0AA900765FE5 /* BMMUtils.m in Sources */ = {isa = PBXBuildFile; fileRef = 37319DB624CF0AA900765FE5 /* BMMUtils.m */; };
		37319DBA24CF16DC00765FE5 /* BMMFetcher.m in Sources */ = {isa = PBXBuildFile; fileRef = 37319DB924CF16DC00765FE5 /* BMMFetcher.m */; };
		3781990224CEC6D900E97FED /* BMMError.m in Sources */ = {isa = PBXBuildFile; fileRef = 3781990124CEC6D900E97FED /* BMMError.m */; };
		3781990524CEC72700E97FED /* BMMFactory.m in Sources */ = {isa = PBXBuildFile; fileRef = 3781990424CEC72700E97FED /* BMMFactory.m */; };
		3781990824CEC7AE00E97FED /* BMMTransformer.m in Sources */ = {isa = PBXBuildFile; fileRef = 3781990724CEC7AE00E97FED /* BMMTransformer.m */; };
		659EB60723DB2710004F4550 /* AppDelegate.m in Sources */ = {isa = PBXBuildFile; fileRef = 659EB60623DB2710004F4550 /* AppDelegate.m */; };
		659EB61023DB2710004F4550 /* Main.storyboard in Resources */ = {isa = PBXBuildFile; fileRef = 659EB60E23DB2710004F4550 /* Main.storyboard */; };
		659EB61223DB2713004F4550 /* Assets.xcassets in Resources */ = {isa = PBXBuildFile; fileRef = 659EB61123DB2713004F4550 /* Assets.xcassets */; };
		659EB61523DB2713004F4550 /* LaunchScreen.storyboard in Resources */ = {isa = PBXBuildFile; fileRef = 659EB61323DB2713004F4550 /* LaunchScreen.storyboard */; };
		659EB61823DB2713004F4550 /* main.m in Sources */ = {isa = PBXBuildFile; fileRef = 659EB61723DB2713004F4550 /* main.m */; };
		659EB63C23DB287C004F4550 /* BidMachineNativeAdRenderer.m in Sources */ = {isa = PBXBuildFile; fileRef = 659EB61F23DB287C004F4550 /* BidMachineNativeAdRenderer.m */; };
		659EB63D23DB287C004F4550 /* BidMachineNativeAdCustomEvent.m in Sources */ = {isa = PBXBuildFile; fileRef = 659EB62023DB287C004F4550 /* BidMachineNativeAdCustomEvent.m */; };
		659EB63E23DB287C004F4550 /* BidMachineInstanceMediationSettings.m in Sources */ = {isa = PBXBuildFile; fileRef = 659EB62223DB287C004F4550 /* BidMachineInstanceMediationSettings.m */; };
		659EB63F23DB287C004F4550 /* BidMachineInterstitialCustomEvent.m in Sources */ = {isa = PBXBuildFile; fileRef = 659EB62323DB287C004F4550 /* BidMachineInterstitialCustomEvent.m */; };
		659EB64023DB287C004F4550 /* BidMachineAdapterConfiguration.m in Sources */ = {isa = PBXBuildFile; fileRef = 659EB62423DB287C004F4550 /* BidMachineAdapterConfiguration.m */; };
		659EB64123DB287C004F4550 /* BidMachineNativeAdAdapter.m in Sources */ = {isa = PBXBuildFile; fileRef = 659EB62623DB287C004F4550 /* BidMachineNativeAdAdapter.m */; };
		659EB64323DB287C004F4550 /* BMMKeywordsTransformer.m in Sources */ = {isa = PBXBuildFile; fileRef = 659EB62D23DB287C004F4550 /* BMMKeywordsTransformer.m */; };
		659EB64723DB287C004F4550 /* BidMachineBannerCustomEvent.m in Sources */ = {isa = PBXBuildFile; fileRef = 659EB63623DB287C004F4550 /* BidMachineBannerCustomEvent.m */; };
		659EB64823DB287C004F4550 /* BidMachineRewardedVideoCustomEvent.m in Sources */ = {isa = PBXBuildFile; fileRef = 659EB63923DB287C004F4550 /* BidMachineRewardedVideoCustomEvent.m */; };
		659EB65223DB2AE9004F4550 /* NativeAdView.xib in Resources */ = {isa = PBXBuildFile; fileRef = 659EB64D23DB2AE9004F4550 /* NativeAdView.xib */; };
		659EB65323DB2AE9004F4550 /* NativeAdRenderer.m in Sources */ = {isa = PBXBuildFile; fileRef = 659EB64F23DB2AE9004F4550 /* NativeAdRenderer.m */; };
		659EB65423DB2AE9004F4550 /* NativeAdView.m in Sources */ = {isa = PBXBuildFile; fileRef = 659EB65123DB2AE9004F4550 /* NativeAdView.m */; };
		659EB65923DB2B1E004F4550 /* BaseView.xib in Resources */ = {isa = PBXBuildFile; fileRef = 659EB65623DB2B1E004F4550 /* BaseView.xib */; };
		659EB65A23DB2B1E004F4550 /* Base.m in Sources */ = {isa = PBXBuildFile; fileRef = 659EB65823DB2B1E004F4550 /* Base.m */; };
		659EB66323DB2B2F004F4550 /* Rewarded.m in Sources */ = {isa = PBXBuildFile; fileRef = 659EB65D23DB2B2E004F4550 /* Rewarded.m */; };
		659EB66423DB2B2F004F4550 /* Interstitial.m in Sources */ = {isa = PBXBuildFile; fileRef = 659EB65E23DB2B2E004F4550 /* Interstitial.m */; };
		659EB66523DB2B2F004F4550 /* Banner.m in Sources */ = {isa = PBXBuildFile; fileRef = 659EB65F23DB2B2F004F4550 /* Banner.m */; };
		659EB66623DB2B2F004F4550 /* Native.m in Sources */ = {isa = PBXBuildFile; fileRef = 659EB66023DB2B2F004F4550 /* Native.m */; };
		E0C47B7B535B5DCB2DE792A3 /* libPods-BMHBIntegrationSample.a in Frameworks */ = {isa = PBXBuildFile; fileRef = 8B0E0B82B34121D52AD0BCEA /* libPods-BMHBIntegrationSample.a */; };
/* End PBXBuildFile section */

/* Begin PBXFileReference section */
		37319DAF24CF079300765FE5 /* BMMFactory+BMRequest.h */ = {isa = PBXFileReference; lastKnownFileType = sourcecode.c.h; path = "BMMFactory+BMRequest.h"; sourceTree = "<group>"; };
		37319DB024CF079300765FE5 /* BMMFactory+BMRequest.m */ = {isa = PBXFileReference; lastKnownFileType = sourcecode.c.objc; path = "BMMFactory+BMRequest.m"; sourceTree = "<group>"; };
		37319DB224CF084300765FE5 /* BMMFactory+BMTargeting.h */ = {isa = PBXFileReference; lastKnownFileType = sourcecode.c.h; path = "BMMFactory+BMTargeting.h"; sourceTree = "<group>"; };
		37319DB324CF084300765FE5 /* BMMFactory+BMTargeting.m */ = {isa = PBXFileReference; lastKnownFileType = sourcecode.c.objc; path = "BMMFactory+BMTargeting.m"; sourceTree = "<group>"; };
		37319DB524CF0AA900765FE5 /* BMMUtils.h */ = {isa = PBXFileReference; lastKnownFileType = sourcecode.c.h; path = BMMUtils.h; sourceTree = "<group>"; };
		37319DB624CF0AA900765FE5 /* BMMUtils.m */ = {isa = PBXFileReference; lastKnownFileType = sourcecode.c.objc; path = BMMUtils.m; sourceTree = "<group>"; };
		37319DB824CF16DC00765FE5 /* BMMFetcher.h */ = {isa = PBXFileReference; lastKnownFileType = sourcecode.c.h; path = BMMFetcher.h; sourceTree = "<group>"; };
		37319DB924CF16DC00765FE5 /* BMMFetcher.m */ = {isa = PBXFileReference; lastKnownFileType = sourcecode.c.objc; path = BMMFetcher.m; sourceTree = "<group>"; };
		3781990024CEC6D900E97FED /* BMMError.h */ = {isa = PBXFileReference; lastKnownFileType = sourcecode.c.h; path = BMMError.h; sourceTree = "<group>"; };
		3781990124CEC6D900E97FED /* BMMError.m */ = {isa = PBXFileReference; lastKnownFileType = sourcecode.c.objc; path = BMMError.m; sourceTree = "<group>"; };
		3781990324CEC72700E97FED /* BMMFactory.h */ = {isa = PBXFileReference; lastKnownFileType = sourcecode.c.h; path = BMMFactory.h; sourceTree = "<group>"; };
		3781990424CEC72700E97FED /* BMMFactory.m */ = {isa = PBXFileReference; lastKnownFileType = sourcecode.c.objc; path = BMMFactory.m; sourceTree = "<group>"; };
		3781990624CEC7AE00E97FED /* BMMTransformer.h */ = {isa = PBXFileReference; lastKnownFileType = sourcecode.c.h; path = BMMTransformer.h; sourceTree = "<group>"; };
		3781990724CEC7AE00E97FED /* BMMTransformer.m */ = {isa = PBXFileReference; lastKnownFileType = sourcecode.c.objc; path = BMMTransformer.m; sourceTree = "<group>"; };
		4C6F13D57B35474E66F622ED /* Pods-BMHBIntegrationSample.release.xcconfig */ = {isa = PBXFileReference; includeInIndex = 1; lastKnownFileType = text.xcconfig; name = "Pods-BMHBIntegrationSample.release.xcconfig"; path = "Target Support Files/Pods-BMHBIntegrationSample/Pods-BMHBIntegrationSample.release.xcconfig"; sourceTree = "<group>"; };
		659EB60223DB2710004F4550 /* BMHBIntegrationSample.app */ = {isa = PBXFileReference; explicitFileType = wrapper.application; includeInIndex = 0; path = BMHBIntegrationSample.app; sourceTree = BUILT_PRODUCTS_DIR; };
		659EB60523DB2710004F4550 /* AppDelegate.h */ = {isa = PBXFileReference; lastKnownFileType = sourcecode.c.h; path = AppDelegate.h; sourceTree = "<group>"; };
		659EB60623DB2710004F4550 /* AppDelegate.m */ = {isa = PBXFileReference; lastKnownFileType = sourcecode.c.objc; path = AppDelegate.m; sourceTree = "<group>"; };
		659EB60F23DB2710004F4550 /* Base */ = {isa = PBXFileReference; lastKnownFileType = file.storyboard; name = Base; path = Base.lproj/Main.storyboard; sourceTree = "<group>"; };
		659EB61123DB2713004F4550 /* Assets.xcassets */ = {isa = PBXFileReference; lastKnownFileType = folder.assetcatalog; path = Assets.xcassets; sourceTree = "<group>"; };
		659EB61423DB2713004F4550 /* Base */ = {isa = PBXFileReference; lastKnownFileType = file.storyboard; name = Base; path = Base.lproj/LaunchScreen.storyboard; sourceTree = "<group>"; };
		659EB61623DB2713004F4550 /* Info.plist */ = {isa = PBXFileReference; lastKnownFileType = text.plist.xml; path = Info.plist; sourceTree = "<group>"; };
		659EB61723DB2713004F4550 /* main.m */ = {isa = PBXFileReference; lastKnownFileType = sourcecode.c.objc; path = main.m; sourceTree = "<group>"; };
		659EB61F23DB287C004F4550 /* BidMachineNativeAdRenderer.m */ = {isa = PBXFileReference; fileEncoding = 4; lastKnownFileType = sourcecode.c.objc; path = BidMachineNativeAdRenderer.m; sourceTree = "<group>"; };
		659EB62023DB287C004F4550 /* BidMachineNativeAdCustomEvent.m */ = {isa = PBXFileReference; fileEncoding = 4; lastKnownFileType = sourcecode.c.objc; path = BidMachineNativeAdCustomEvent.m; sourceTree = "<group>"; };
		659EB62123DB287C004F4550 /* BidMachineBannerCustomEvent.h */ = {isa = PBXFileReference; fileEncoding = 4; lastKnownFileType = sourcecode.c.h; path = BidMachineBannerCustomEvent.h; sourceTree = "<group>"; };
		659EB62223DB287C004F4550 /* BidMachineInstanceMediationSettings.m */ = {isa = PBXFileReference; fileEncoding = 4; lastKnownFileType = sourcecode.c.objc; path = BidMachineInstanceMediationSettings.m; sourceTree = "<group>"; };
		659EB62323DB287C004F4550 /* BidMachineInterstitialCustomEvent.m */ = {isa = PBXFileReference; fileEncoding = 4; lastKnownFileType = sourcecode.c.objc; path = BidMachineInterstitialCustomEvent.m; sourceTree = "<group>"; };
		659EB62423DB287C004F4550 /* BidMachineAdapterConfiguration.m */ = {isa = PBXFileReference; fileEncoding = 4; lastKnownFileType = sourcecode.c.objc; path = BidMachineAdapterConfiguration.m; sourceTree = "<group>"; };
		659EB62523DB287C004F4550 /* BidMachineRewardedVideoCustomEvent.h */ = {isa = PBXFileReference; fileEncoding = 4; lastKnownFileType = sourcecode.c.h; path = BidMachineRewardedVideoCustomEvent.h; sourceTree = "<group>"; };
		659EB62623DB287C004F4550 /* BidMachineNativeAdAdapter.m */ = {isa = PBXFileReference; fileEncoding = 4; lastKnownFileType = sourcecode.c.objc; path = BidMachineNativeAdAdapter.m; sourceTree = "<group>"; };
		659EB62923DB287C004F4550 /* BMMKeywordsTransformer.h */ = {isa = PBXFileReference; fileEncoding = 4; lastKnownFileType = sourcecode.c.h; path = BMMKeywordsTransformer.h; sourceTree = "<group>"; };
		659EB62C23DB287C004F4550 /* BMMConstants.h */ = {isa = PBXFileReference; fileEncoding = 4; lastKnownFileType = sourcecode.c.h; path = BMMConstants.h; sourceTree = "<group>"; };
		659EB62D23DB287C004F4550 /* BMMKeywordsTransformer.m */ = {isa = PBXFileReference; fileEncoding = 4; lastKnownFileType = sourcecode.c.objc; path = BMMKeywordsTransformer.m; sourceTree = "<group>"; };
		659EB63423DB287C004F4550 /* BidMachineNativeAdRenderer.h */ = {isa = PBXFileReference; fileEncoding = 4; lastKnownFileType = sourcecode.c.h; path = BidMachineNativeAdRenderer.h; sourceTree = "<group>"; };
		659EB63523DB287C004F4550 /* BidMachineInstanceMediationSettings.h */ = {isa = PBXFileReference; fileEncoding = 4; lastKnownFileType = sourcecode.c.h; path = BidMachineInstanceMediationSettings.h; sourceTree = "<group>"; };
		659EB63623DB287C004F4550 /* BidMachineBannerCustomEvent.m */ = {isa = PBXFileReference; fileEncoding = 4; lastKnownFileType = sourcecode.c.objc; path = BidMachineBannerCustomEvent.m; sourceTree = "<group>"; };
		659EB63723DB287C004F4550 /* BidMachineNativeAdCustomEvent.h */ = {isa = PBXFileReference; fileEncoding = 4; lastKnownFileType = sourcecode.c.h; path = BidMachineNativeAdCustomEvent.h; sourceTree = "<group>"; };
		659EB63823DB287C004F4550 /* BidMachineNativeAdAdapter.h */ = {isa = PBXFileReference; fileEncoding = 4; lastKnownFileType = sourcecode.c.h; path = BidMachineNativeAdAdapter.h; sourceTree = "<group>"; };
		659EB63923DB287C004F4550 /* BidMachineRewardedVideoCustomEvent.m */ = {isa = PBXFileReference; fileEncoding = 4; lastKnownFileType = sourcecode.c.objc; path = BidMachineRewardedVideoCustomEvent.m; sourceTree = "<group>"; };
		659EB63A23DB287C004F4550 /* BidMachineAdapterConfiguration.h */ = {isa = PBXFileReference; fileEncoding = 4; lastKnownFileType = sourcecode.c.h; path = BidMachineAdapterConfiguration.h; sourceTree = "<group>"; };
		659EB63B23DB287C004F4550 /* BidMachineInterstitialCustomEvent.h */ = {isa = PBXFileReference; fileEncoding = 4; lastKnownFileType = sourcecode.c.h; path = BidMachineInterstitialCustomEvent.h; sourceTree = "<group>"; };
		659EB64D23DB2AE9004F4550 /* NativeAdView.xib */ = {isa = PBXFileReference; fileEncoding = 4; lastKnownFileType = file.xib; path = NativeAdView.xib; sourceTree = "<group>"; };
		659EB64E23DB2AE9004F4550 /* NativeAdRenderer.h */ = {isa = PBXFileReference; fileEncoding = 4; lastKnownFileType = sourcecode.c.h; path = NativeAdRenderer.h; sourceTree = "<group>"; };
		659EB64F23DB2AE9004F4550 /* NativeAdRenderer.m */ = {isa = PBXFileReference; fileEncoding = 4; lastKnownFileType = sourcecode.c.objc; path = NativeAdRenderer.m; sourceTree = "<group>"; };
		659EB65023DB2AE9004F4550 /* NativeAdView.h */ = {isa = PBXFileReference; fileEncoding = 4; lastKnownFileType = sourcecode.c.h; path = NativeAdView.h; sourceTree = "<group>"; };
		659EB65123DB2AE9004F4550 /* NativeAdView.m */ = {isa = PBXFileReference; fileEncoding = 4; lastKnownFileType = sourcecode.c.objc; path = NativeAdView.m; sourceTree = "<group>"; };
		659EB65623DB2B1E004F4550 /* BaseView.xib */ = {isa = PBXFileReference; fileEncoding = 4; lastKnownFileType = file.xib; path = BaseView.xib; sourceTree = "<group>"; };
		659EB65723DB2B1E004F4550 /* Base.h */ = {isa = PBXFileReference; fileEncoding = 4; lastKnownFileType = sourcecode.c.h; path = Base.h; sourceTree = "<group>"; };
		659EB65823DB2B1E004F4550 /* Base.m */ = {isa = PBXFileReference; fileEncoding = 4; lastKnownFileType = sourcecode.c.objc; path = Base.m; sourceTree = "<group>"; };
		659EB65B23DB2B2E004F4550 /* Interstitial.h */ = {isa = PBXFileReference; fileEncoding = 4; lastKnownFileType = sourcecode.c.h; path = Interstitial.h; sourceTree = "<group>"; };
		659EB65C23DB2B2E004F4550 /* Rewarded.h */ = {isa = PBXFileReference; fileEncoding = 4; lastKnownFileType = sourcecode.c.h; path = Rewarded.h; sourceTree = "<group>"; };
		659EB65D23DB2B2E004F4550 /* Rewarded.m */ = {isa = PBXFileReference; fileEncoding = 4; lastKnownFileType = sourcecode.c.objc; path = Rewarded.m; sourceTree = "<group>"; };
		659EB65E23DB2B2E004F4550 /* Interstitial.m */ = {isa = PBXFileReference; fileEncoding = 4; lastKnownFileType = sourcecode.c.objc; path = Interstitial.m; sourceTree = "<group>"; };
		659EB65F23DB2B2F004F4550 /* Banner.m */ = {isa = PBXFileReference; fileEncoding = 4; lastKnownFileType = sourcecode.c.objc; path = Banner.m; sourceTree = "<group>"; };
		659EB66023DB2B2F004F4550 /* Native.m */ = {isa = PBXFileReference; fileEncoding = 4; lastKnownFileType = sourcecode.c.objc; path = Native.m; sourceTree = "<group>"; };
		659EB66123DB2B2F004F4550 /* Native.h */ = {isa = PBXFileReference; fileEncoding = 4; lastKnownFileType = sourcecode.c.h; path = Native.h; sourceTree = "<group>"; };
		659EB66223DB2B2F004F4550 /* Banner.h */ = {isa = PBXFileReference; fileEncoding = 4; lastKnownFileType = sourcecode.c.h; path = Banner.h; sourceTree = "<group>"; };
		714D7B0351194A0EF785B6D2 /* Pods-BMHBIntegrationSample.debug.xcconfig */ = {isa = PBXFileReference; includeInIndex = 1; lastKnownFileType = text.xcconfig; name = "Pods-BMHBIntegrationSample.debug.xcconfig"; path = "Target Support Files/Pods-BMHBIntegrationSample/Pods-BMHBIntegrationSample.debug.xcconfig"; sourceTree = "<group>"; };
		8B0E0B82B34121D52AD0BCEA /* libPods-BMHBIntegrationSample.a */ = {isa = PBXFileReference; explicitFileType = archive.ar; includeInIndex = 0; path = "libPods-BMHBIntegrationSample.a"; sourceTree = BUILT_PRODUCTS_DIR; };
/* End PBXFileReference section */

/* Begin PBXFrameworksBuildPhase section */
		659EB5FF23DB2710004F4550 /* Frameworks */ = {
			isa = PBXFrameworksBuildPhase;
			buildActionMask = 2147483647;
			files = (
				E0C47B7B535B5DCB2DE792A3 /* libPods-BMHBIntegrationSample.a in Frameworks */,
			);
			runOnlyForDeploymentPostprocessing = 0;
		};
/* End PBXFrameworksBuildPhase section */

/* Begin PBXGroup section */
		643E348DB97146A78EC5E4E2 /* Frameworks */ = {
			isa = PBXGroup;
			children = (
				8B0E0B82B34121D52AD0BCEA /* libPods-BMHBIntegrationSample.a */,
			);
			name = Frameworks;
			sourceTree = "<group>";
		};
		659EB5F923DB2710004F4550 = {
			isa = PBXGroup;
			children = (
				659EB60423DB2710004F4550 /* BMHBIntegrationSample */,
				659EB61E23DB287C004F4550 /* BidMachine */,
				659EB60323DB2710004F4550 /* Products */,
				B300DF7D9905C669F8BAB85D /* Pods */,
				643E348DB97146A78EC5E4E2 /* Frameworks */,
			);
			sourceTree = "<group>";
		};
		659EB60323DB2710004F4550 /* Products */ = {
			isa = PBXGroup;
			children = (
				659EB60223DB2710004F4550 /* BMHBIntegrationSample.app */,
			);
			name = Products;
			sourceTree = "<group>";
		};
		659EB60423DB2710004F4550 /* BMHBIntegrationSample */ = {
			isa = PBXGroup;
			children = (
				659EB60523DB2710004F4550 /* AppDelegate.h */,
				659EB60623DB2710004F4550 /* AppDelegate.m */,
				659EB64A23DB2AAB004F4550 /* Presenters */,
				659EB64B23DB2AB7004F4550 /* AdControllers */,
				659EB64923DB29C2004F4550 /* ApplicationSupport */,
			);
			path = BMHBIntegrationSample;
			sourceTree = "<group>";
		};
		659EB61E23DB287C004F4550 /* BidMachine */ = {
			isa = PBXGroup;
			children = (
				659EB62723DB287C004F4550 /* Utils */,
				659EB63A23DB287C004F4550 /* BidMachineAdapterConfiguration.h */,
				659EB62423DB287C004F4550 /* BidMachineAdapterConfiguration.m */,
				659EB63523DB287C004F4550 /* BidMachineInstanceMediationSettings.h */,
				659EB62223DB287C004F4550 /* BidMachineInstanceMediationSettings.m */,
				659EB62123DB287C004F4550 /* BidMachineBannerCustomEvent.h */,
				659EB63623DB287C004F4550 /* BidMachineBannerCustomEvent.m */,
				659EB63B23DB287C004F4550 /* BidMachineInterstitialCustomEvent.h */,
				659EB62323DB287C004F4550 /* BidMachineInterstitialCustomEvent.m */,
				659EB62523DB287C004F4550 /* BidMachineRewardedVideoCustomEvent.h */,
				659EB63923DB287C004F4550 /* BidMachineRewardedVideoCustomEvent.m */,
				659EB63723DB287C004F4550 /* BidMachineNativeAdCustomEvent.h */,
				659EB62023DB287C004F4550 /* BidMachineNativeAdCustomEvent.m */,
				659EB63823DB287C004F4550 /* BidMachineNativeAdAdapter.h */,
				659EB62623DB287C004F4550 /* BidMachineNativeAdAdapter.m */,
				659EB63423DB287C004F4550 /* BidMachineNativeAdRenderer.h */,
				659EB61F23DB287C004F4550 /* BidMachineNativeAdRenderer.m */,
			);
			path = BidMachine;
			sourceTree = "<group>";
		};
		659EB62723DB287C004F4550 /* Utils */ = {
			isa = PBXGroup;
			children = (
				659EB62C23DB287C004F4550 /* BMMConstants.h */,
				3781990024CEC6D900E97FED /* BMMError.h */,
				3781990124CEC6D900E97FED /* BMMError.m */,
				3781990324CEC72700E97FED /* BMMFactory.h */,
				3781990424CEC72700E97FED /* BMMFactory.m */,
				37319DAF24CF079300765FE5 /* BMMFactory+BMRequest.h */,
				37319DB024CF079300765FE5 /* BMMFactory+BMRequest.m */,
				37319DB224CF084300765FE5 /* BMMFactory+BMTargeting.h */,
				37319DB324CF084300765FE5 /* BMMFactory+BMTargeting.m */,
				3781990624CEC7AE00E97FED /* BMMTransformer.h */,
				3781990724CEC7AE00E97FED /* BMMTransformer.m */,
				37319DB524CF0AA900765FE5 /* BMMUtils.h */,
				37319DB624CF0AA900765FE5 /* BMMUtils.m */,
				659EB62923DB287C004F4550 /* BMMKeywordsTransformer.h */,
				659EB62D23DB287C004F4550 /* BMMKeywordsTransformer.m */,
				37319DB824CF16DC00765FE5 /* BMMFetcher.h */,
				37319DB924CF16DC00765FE5 /* BMMFetcher.m */,
			);
			path = Utils;
			sourceTree = "<group>";
		};
		659EB64923DB29C2004F4550 /* ApplicationSupport */ = {
			isa = PBXGroup;
			children = (
				659EB60E23DB2710004F4550 /* Main.storyboard */,
				659EB61123DB2713004F4550 /* Assets.xcassets */,
				659EB61323DB2713004F4550 /* LaunchScreen.storyboard */,
				659EB61623DB2713004F4550 /* Info.plist */,
				659EB61723DB2713004F4550 /* main.m */,
			);
			name = ApplicationSupport;
			sourceTree = "<group>";
		};
		659EB64A23DB2AAB004F4550 /* Presenters */ = {
			isa = PBXGroup;
			children = (
				659EB64E23DB2AE9004F4550 /* NativeAdRenderer.h */,
				659EB64F23DB2AE9004F4550 /* NativeAdRenderer.m */,
				659EB65023DB2AE9004F4550 /* NativeAdView.h */,
				659EB65123DB2AE9004F4550 /* NativeAdView.m */,
				659EB64D23DB2AE9004F4550 /* NativeAdView.xib */,
			);
			name = Presenters;
			sourceTree = "<group>";
		};
		659EB64B23DB2AB7004F4550 /* AdControllers */ = {
			isa = PBXGroup;
			children = (
				659EB65523DB2B0D004F4550 /* Base */,
				659EB66223DB2B2F004F4550 /* Banner.h */,
				659EB65F23DB2B2F004F4550 /* Banner.m */,
				659EB65B23DB2B2E004F4550 /* Interstitial.h */,
				659EB65E23DB2B2E004F4550 /* Interstitial.m */,
				659EB66123DB2B2F004F4550 /* Native.h */,
				659EB66023DB2B2F004F4550 /* Native.m */,
				659EB65C23DB2B2E004F4550 /* Rewarded.h */,
				659EB65D23DB2B2E004F4550 /* Rewarded.m */,
			);
			name = AdControllers;
			sourceTree = "<group>";
		};
		659EB65523DB2B0D004F4550 /* Base */ = {
			isa = PBXGroup;
			children = (
				659EB65723DB2B1E004F4550 /* Base.h */,
				659EB65823DB2B1E004F4550 /* Base.m */,
				659EB65623DB2B1E004F4550 /* BaseView.xib */,
			);
			name = Base;
			sourceTree = "<group>";
		};
		B300DF7D9905C669F8BAB85D /* Pods */ = {
			isa = PBXGroup;
			children = (
				714D7B0351194A0EF785B6D2 /* Pods-BMHBIntegrationSample.debug.xcconfig */,
				4C6F13D57B35474E66F622ED /* Pods-BMHBIntegrationSample.release.xcconfig */,
			);
			path = Pods;
			sourceTree = "<group>";
		};
/* End PBXGroup section */

/* Begin PBXNativeTarget section */
		659EB60123DB2710004F4550 /* BMHBIntegrationSample */ = {
			isa = PBXNativeTarget;
			buildConfigurationList = 659EB61B23DB2713004F4550 /* Build configuration list for PBXNativeTarget "BMHBIntegrationSample" */;
			buildPhases = (
				EF9F37FB497C713F2B304BF7 /* [CP] Check Pods Manifest.lock */,
				659EB5FE23DB2710004F4550 /* Sources */,
				659EB5FF23DB2710004F4550 /* Frameworks */,
				659EB60023DB2710004F4550 /* Resources */,
				AB4356699597363EC996748D /* [CP] Embed Pods Frameworks */,
				05D24074B104D3A0DB9141AB /* [CP] Copy Pods Resources */,
			);
			buildRules = (
			);
			dependencies = (
			);
			name = BMHBIntegrationSample;
			productName = BMHBIntegrationSample;
			productReference = 659EB60223DB2710004F4550 /* BMHBIntegrationSample.app */;
			productType = "com.apple.product-type.application";
		};
/* End PBXNativeTarget section */

/* Begin PBXProject section */
		659EB5FA23DB2710004F4550 /* Project object */ = {
			isa = PBXProject;
			attributes = {
				LastUpgradeCheck = 1130;
				ORGANIZATIONNAME = Appodeal;
				TargetAttributes = {
					659EB60123DB2710004F4550 = {
						CreatedOnToolsVersion = 11.3.1;
					};
				};
			};
			buildConfigurationList = 659EB5FD23DB2710004F4550 /* Build configuration list for PBXProject "BMHBIntegrationSample" */;
			compatibilityVersion = "Xcode 9.3";
			developmentRegion = en;
			hasScannedForEncodings = 0;
			knownRegions = (
				en,
				Base,
			);
			mainGroup = 659EB5F923DB2710004F4550;
			productRefGroup = 659EB60323DB2710004F4550 /* Products */;
			projectDirPath = "";
			projectRoot = "";
			targets = (
				659EB60123DB2710004F4550 /* BMHBIntegrationSample */,
			);
		};
/* End PBXProject section */

/* Begin PBXResourcesBuildPhase section */
		659EB60023DB2710004F4550 /* Resources */ = {
			isa = PBXResourcesBuildPhase;
			buildActionMask = 2147483647;
			files = (
				659EB65223DB2AE9004F4550 /* NativeAdView.xib in Resources */,
				659EB61523DB2713004F4550 /* LaunchScreen.storyboard in Resources */,
				659EB65923DB2B1E004F4550 /* BaseView.xib in Resources */,
				659EB61223DB2713004F4550 /* Assets.xcassets in Resources */,
				659EB61023DB2710004F4550 /* Main.storyboard in Resources */,
			);
			runOnlyForDeploymentPostprocessing = 0;
		};
/* End PBXResourcesBuildPhase section */

/* Begin PBXShellScriptBuildPhase section */
		05D24074B104D3A0DB9141AB /* [CP] Copy Pods Resources */ = {
			isa = PBXShellScriptBuildPhase;
			buildActionMask = 2147483647;
			files = (
			);
			inputFileListPaths = (
				"${PODS_ROOT}/Target Support Files/Pods-BMHBIntegrationSample/Pods-BMHBIntegrationSample-resources-${CONFIGURATION}-input-files.xcfilelist",
			);
			name = "[CP] Copy Pods Resources";
			outputFileListPaths = (
				"${PODS_ROOT}/Target Support Files/Pods-BMHBIntegrationSample/Pods-BMHBIntegrationSample-resources-${CONFIGURATION}-output-files.xcfilelist",
			);
			runOnlyForDeploymentPostprocessing = 0;
			shellPath = /bin/sh;
			shellScript = "\"${PODS_ROOT}/Target Support Files/Pods-BMHBIntegrationSample/Pods-BMHBIntegrationSample-resources.sh\"\n";
			showEnvVarsInLog = 0;
		};
		AB4356699597363EC996748D /* [CP] Embed Pods Frameworks */ = {
			isa = PBXShellScriptBuildPhase;
			buildActionMask = 2147483647;
			files = (
			);
			inputFileListPaths = (
				"${PODS_ROOT}/Target Support Files/Pods-BMHBIntegrationSample/Pods-BMHBIntegrationSample-frameworks-${CONFIGURATION}-input-files.xcfilelist",
			);
			name = "[CP] Embed Pods Frameworks";
			outputFileListPaths = (
				"${PODS_ROOT}/Target Support Files/Pods-BMHBIntegrationSample/Pods-BMHBIntegrationSample-frameworks-${CONFIGURATION}-output-files.xcfilelist",
			);
			runOnlyForDeploymentPostprocessing = 0;
			shellPath = /bin/sh;
			shellScript = "\"${PODS_ROOT}/Target Support Files/Pods-BMHBIntegrationSample/Pods-BMHBIntegrationSample-frameworks.sh\"\n";
			showEnvVarsInLog = 0;
		};
		EF9F37FB497C713F2B304BF7 /* [CP] Check Pods Manifest.lock */ = {
			isa = PBXShellScriptBuildPhase;
			buildActionMask = 2147483647;
			files = (
			);
			inputFileListPaths = (
			);
			inputPaths = (
				"${PODS_PODFILE_DIR_PATH}/Podfile.lock",
				"${PODS_ROOT}/Manifest.lock",
			);
			name = "[CP] Check Pods Manifest.lock";
			outputFileListPaths = (
			);
			outputPaths = (
				"$(DERIVED_FILE_DIR)/Pods-BMHBIntegrationSample-checkManifestLockResult.txt",
			);
			runOnlyForDeploymentPostprocessing = 0;
			shellPath = /bin/sh;
			shellScript = "diff \"${PODS_PODFILE_DIR_PATH}/Podfile.lock\" \"${PODS_ROOT}/Manifest.lock\" > /dev/null\nif [ $? != 0 ] ; then\n    # print error to STDERR\n    echo \"error: The sandbox is not in sync with the Podfile.lock. Run 'pod install' or update your CocoaPods installation.\" >&2\n    exit 1\nfi\n# This output is used by Xcode 'outputs' to avoid re-running this script phase.\necho \"SUCCESS\" > \"${SCRIPT_OUTPUT_FILE_0}\"\n";
			showEnvVarsInLog = 0;
		};
/* End PBXShellScriptBuildPhase section */

/* Begin PBXSourcesBuildPhase section */
		659EB5FE23DB2710004F4550 /* Sources */ = {
			isa = PBXSourcesBuildPhase;
			buildActionMask = 2147483647;
			files = (
				659EB65323DB2AE9004F4550 /* NativeAdRenderer.m in Sources */,
				659EB66423DB2B2F004F4550 /* Interstitial.m in Sources */,
				3781990224CEC6D900E97FED /* BMMError.m in Sources */,
				659EB64323DB287C004F4550 /* BMMKeywordsTransformer.m in Sources */,
				659EB65423DB2AE9004F4550 /* NativeAdView.m in Sources */,
				659EB65A23DB2B1E004F4550 /* Base.m in Sources */,
				659EB63C23DB287C004F4550 /* BidMachineNativeAdRenderer.m in Sources */,
				659EB64823DB287C004F4550 /* BidMachineRewardedVideoCustomEvent.m in Sources */,
				659EB64023DB287C004F4550 /* BidMachineAdapterConfiguration.m in Sources */,
				37319DBA24CF16DC00765FE5 /* BMMFetcher.m in Sources */,
				659EB66523DB2B2F004F4550 /* Banner.m in Sources */,
				659EB66323DB2B2F004F4550 /* Rewarded.m in Sources */,
				659EB60723DB2710004F4550 /* AppDelegate.m in Sources */,
				37319DB124CF079300765FE5 /* BMMFactory+BMRequest.m in Sources */,
				659EB66623DB2B2F004F4550 /* Native.m in Sources */,
				659EB63F23DB287C004F4550 /* BidMachineInterstitialCustomEvent.m in Sources */,
				659EB61823DB2713004F4550 /* main.m in Sources */,
				37319DB724CF0AA900765FE5 /* BMMUtils.m in Sources */,
				3781990524CEC72700E97FED /* BMMFactory.m in Sources */,
				37319DB424CF084300765FE5 /* BMMFactory+BMTargeting.m in Sources */,
				659EB64123DB287C004F4550 /* BidMachineNativeAdAdapter.m in Sources */,
				3781990824CEC7AE00E97FED /* BMMTransformer.m in Sources */,
				659EB63D23DB287C004F4550 /* BidMachineNativeAdCustomEvent.m in Sources */,
				659EB63E23DB287C004F4550 /* BidMachineInstanceMediationSettings.m in Sources */,
				659EB64723DB287C004F4550 /* BidMachineBannerCustomEvent.m in Sources */,
			);
			runOnlyForDeploymentPostprocessing = 0;
		};
/* End PBXSourcesBuildPhase section */

/* Begin PBXVariantGroup section */
		659EB60E23DB2710004F4550 /* Main.storyboard */ = {
			isa = PBXVariantGroup;
			children = (
				659EB60F23DB2710004F4550 /* Base */,
			);
			name = Main.storyboard;
			sourceTree = "<group>";
		};
		659EB61323DB2713004F4550 /* LaunchScreen.storyboard */ = {
			isa = PBXVariantGroup;
			children = (
				659EB61423DB2713004F4550 /* Base */,
			);
			name = LaunchScreen.storyboard;
			sourceTree = "<group>";
		};
/* End PBXVariantGroup section */

/* Begin XCBuildConfiguration section */
		659EB61923DB2713004F4550 /* Debug */ = {
			isa = XCBuildConfiguration;
			buildSettings = {
				ALWAYS_SEARCH_USER_PATHS = NO;
				CLANG_ANALYZER_NONNULL = YES;
				CLANG_ANALYZER_NUMBER_OBJECT_CONVERSION = YES_AGGRESSIVE;
				CLANG_CXX_LANGUAGE_STANDARD = "gnu++14";
				CLANG_CXX_LIBRARY = "libc++";
				CLANG_ENABLE_MODULES = YES;
				CLANG_ENABLE_OBJC_ARC = YES;
				CLANG_ENABLE_OBJC_WEAK = YES;
				CLANG_WARN_BLOCK_CAPTURE_AUTORELEASING = YES;
				CLANG_WARN_BOOL_CONVERSION = YES;
				CLANG_WARN_COMMA = YES;
				CLANG_WARN_CONSTANT_CONVERSION = YES;
				CLANG_WARN_DEPRECATED_OBJC_IMPLEMENTATIONS = YES;
				CLANG_WARN_DIRECT_OBJC_ISA_USAGE = YES_ERROR;
				CLANG_WARN_DOCUMENTATION_COMMENTS = YES;
				CLANG_WARN_EMPTY_BODY = YES;
				CLANG_WARN_ENUM_CONVERSION = YES;
				CLANG_WARN_INFINITE_RECURSION = YES;
				CLANG_WARN_INT_CONVERSION = YES;
				CLANG_WARN_NON_LITERAL_NULL_CONVERSION = YES;
				CLANG_WARN_OBJC_IMPLICIT_RETAIN_SELF = YES;
				CLANG_WARN_OBJC_LITERAL_CONVERSION = YES;
				CLANG_WARN_OBJC_ROOT_CLASS = YES_ERROR;
				CLANG_WARN_RANGE_LOOP_ANALYSIS = YES;
				CLANG_WARN_STRICT_PROTOTYPES = YES;
				CLANG_WARN_SUSPICIOUS_MOVE = YES;
				CLANG_WARN_UNGUARDED_AVAILABILITY = YES_AGGRESSIVE;
				CLANG_WARN_UNREACHABLE_CODE = YES;
				CLANG_WARN__DUPLICATE_METHOD_MATCH = YES;
				COPY_PHASE_STRIP = NO;
				DEBUG_INFORMATION_FORMAT = dwarf;
				ENABLE_STRICT_OBJC_MSGSEND = YES;
				ENABLE_TESTABILITY = YES;
				GCC_C_LANGUAGE_STANDARD = gnu11;
				GCC_DYNAMIC_NO_PIC = NO;
				GCC_NO_COMMON_BLOCKS = YES;
				GCC_OPTIMIZATION_LEVEL = 0;
				GCC_PREPROCESSOR_DEFINITIONS = (
					"DEBUG=1",
					"$(inherited)",
				);
				GCC_WARN_64_TO_32_BIT_CONVERSION = YES;
				GCC_WARN_ABOUT_RETURN_TYPE = YES_ERROR;
				GCC_WARN_UNDECLARED_SELECTOR = YES;
				GCC_WARN_UNINITIALIZED_AUTOS = YES_AGGRESSIVE;
				GCC_WARN_UNUSED_FUNCTION = YES;
				GCC_WARN_UNUSED_VARIABLE = YES;
				IPHONEOS_DEPLOYMENT_TARGET = 13.2;
				MTL_ENABLE_DEBUG_INFO = INCLUDE_SOURCE;
				MTL_FAST_MATH = YES;
				ONLY_ACTIVE_ARCH = YES;
				SDKROOT = iphoneos;
			};
			name = Debug;
		};
		659EB61A23DB2713004F4550 /* Release */ = {
			isa = XCBuildConfiguration;
			buildSettings = {
				ALWAYS_SEARCH_USER_PATHS = NO;
				CLANG_ANALYZER_NONNULL = YES;
				CLANG_ANALYZER_NUMBER_OBJECT_CONVERSION = YES_AGGRESSIVE;
				CLANG_CXX_LANGUAGE_STANDARD = "gnu++14";
				CLANG_CXX_LIBRARY = "libc++";
				CLANG_ENABLE_MODULES = YES;
				CLANG_ENABLE_OBJC_ARC = YES;
				CLANG_ENABLE_OBJC_WEAK = YES;
				CLANG_WARN_BLOCK_CAPTURE_AUTORELEASING = YES;
				CLANG_WARN_BOOL_CONVERSION = YES;
				CLANG_WARN_COMMA = YES;
				CLANG_WARN_CONSTANT_CONVERSION = YES;
				CLANG_WARN_DEPRECATED_OBJC_IMPLEMENTATIONS = YES;
				CLANG_WARN_DIRECT_OBJC_ISA_USAGE = YES_ERROR;
				CLANG_WARN_DOCUMENTATION_COMMENTS = YES;
				CLANG_WARN_EMPTY_BODY = YES;
				CLANG_WARN_ENUM_CONVERSION = YES;
				CLANG_WARN_INFINITE_RECURSION = YES;
				CLANG_WARN_INT_CONVERSION = YES;
				CLANG_WARN_NON_LITERAL_NULL_CONVERSION = YES;
				CLANG_WARN_OBJC_IMPLICIT_RETAIN_SELF = YES;
				CLANG_WARN_OBJC_LITERAL_CONVERSION = YES;
				CLANG_WARN_OBJC_ROOT_CLASS = YES_ERROR;
				CLANG_WARN_RANGE_LOOP_ANALYSIS = YES;
				CLANG_WARN_STRICT_PROTOTYPES = YES;
				CLANG_WARN_SUSPICIOUS_MOVE = YES;
				CLANG_WARN_UNGUARDED_AVAILABILITY = YES_AGGRESSIVE;
				CLANG_WARN_UNREACHABLE_CODE = YES;
				CLANG_WARN__DUPLICATE_METHOD_MATCH = YES;
				COPY_PHASE_STRIP = NO;
				DEBUG_INFORMATION_FORMAT = "dwarf-with-dsym";
				ENABLE_NS_ASSERTIONS = NO;
				ENABLE_STRICT_OBJC_MSGSEND = YES;
				GCC_C_LANGUAGE_STANDARD = gnu11;
				GCC_NO_COMMON_BLOCKS = YES;
				GCC_WARN_64_TO_32_BIT_CONVERSION = YES;
				GCC_WARN_ABOUT_RETURN_TYPE = YES_ERROR;
				GCC_WARN_UNDECLARED_SELECTOR = YES;
				GCC_WARN_UNINITIALIZED_AUTOS = YES_AGGRESSIVE;
				GCC_WARN_UNUSED_FUNCTION = YES;
				GCC_WARN_UNUSED_VARIABLE = YES;
				IPHONEOS_DEPLOYMENT_TARGET = 13.2;
				MTL_ENABLE_DEBUG_INFO = NO;
				MTL_FAST_MATH = YES;
				SDKROOT = iphoneos;
				VALIDATE_PRODUCT = YES;
			};
			name = Release;
		};
		659EB61C23DB2713004F4550 /* Debug */ = {
			isa = XCBuildConfiguration;
			baseConfigurationReference = 714D7B0351194A0EF785B6D2 /* Pods-BMHBIntegrationSample.debug.xcconfig */;
			buildSettings = {
				ASSETCATALOG_COMPILER_APPICON_NAME = AppIcon;
				CODE_SIGN_STYLE = Automatic;
				DEVELOPMENT_TEAM = WG4VFF78ZM;
				INFOPLIST_FILE = BMHBIntegrationSample/Info.plist;
				IPHONEOS_DEPLOYMENT_TARGET = 12.0;
				LD_RUNPATH_SEARCH_PATHS = (
					"$(inherited)",
					"@executable_path/Frameworks",
				);
				PRODUCT_BUNDLE_IDENTIFIER = com.bidmachine.sample;
				PRODUCT_NAME = "$(TARGET_NAME)";
				TARGETED_DEVICE_FAMILY = "1,2";
			};
			name = Debug;
		};
		659EB61D23DB2713004F4550 /* Release */ = {
			isa = XCBuildConfiguration;
			baseConfigurationReference = 4C6F13D57B35474E66F622ED /* Pods-BMHBIntegrationSample.release.xcconfig */;
			buildSettings = {
				ASSETCATALOG_COMPILER_APPICON_NAME = AppIcon;
				CODE_SIGN_STYLE = Automatic;
				DEVELOPMENT_TEAM = WG4VFF78ZM;
				INFOPLIST_FILE = BMHBIntegrationSample/Info.plist;
				IPHONEOS_DEPLOYMENT_TARGET = 12.0;
				LD_RUNPATH_SEARCH_PATHS = (
					"$(inherited)",
					"@executable_path/Frameworks",
				);
				PRODUCT_BUNDLE_IDENTIFIER = com.bidmachine.sample;
				PRODUCT_NAME = "$(TARGET_NAME)";
				TARGETED_DEVICE_FAMILY = "1,2";
			};
			name = Release;
		};
/* End XCBuildConfiguration section */

/* Begin XCConfigurationList section */
		659EB5FD23DB2710004F4550 /* Build configuration list for PBXProject "BMHBIntegrationSample" */ = {
			isa = XCConfigurationList;
			buildConfigurations = (
				659EB61923DB2713004F4550 /* Debug */,
				659EB61A23DB2713004F4550 /* Release */,
			);
			defaultConfigurationIsVisible = 0;
			defaultConfigurationName = Release;
		};
		659EB61B23DB2713004F4550 /* Build configuration list for PBXNativeTarget "BMHBIntegrationSample" */ = {
			isa = XCConfigurationList;
			buildConfigurations = (
				659EB61C23DB2713004F4550 /* Debug */,
				659EB61D23DB2713004F4550 /* Release */,
			);
			defaultConfigurationIsVisible = 0;
			defaultConfigurationName = Release;
		};
/* End XCConfigurationList section */
	};
	rootObject = 659EB5FA23DB2710004F4550 /* Project object */;
}
